# This file is automatically @generated by Cargo.
# It is not intended for manual editing.
version = 4

[[package]]
name = "kime-run-dir"
version = "0.1.0"
source = "git+https://github.com/Riey/kime?branch=develop#695c1488c91589832cbc2a39a21ee9414842d770"

[[package]]
name = "kime-to"
version = "0.1.0"
dependencies = [
 "kime-run-dir",
]
